// !$*UTF8*$!
{
	archiveVersion = 1;
	classes = {
	};
	objectVersion = 56;
	objects = {

/* Begin PBXBuildFile section */
		F539CE422AA33CE000310F37 /* AppDelegate.swift in Sources */ = {isa = PBXBuildFile; fileRef = F539CE412AA33CE000310F37 /* AppDelegate.swift */; };
		F539CE442AA33CE000310F37 /* SceneDelegate.swift in Sources */ = {isa = PBXBuildFile; fileRef = F539CE432AA33CE000310F37 /* SceneDelegate.swift */; };
		F539CE462AA33CE000310F37 /* PhotosListViewController.swift in Sources */ = {isa = PBXBuildFile; fileRef = F539CE452AA33CE000310F37 /* PhotosListViewController.swift */; };
		F539CE4B2AA33CE200310F37 /* Assets.xcassets in Resources */ = {isa = PBXBuildFile; fileRef = F539CE4A2AA33CE200310F37 /* Assets.xcassets */; };
		F539CE4E2AA33CE200310F37 /* LaunchScreen.storyboard in Resources */ = {isa = PBXBuildFile; fileRef = F539CE4C2AA33CE200310F37 /* LaunchScreen.storyboard */; };
		F539CE572AA3570000310F37 /* SnapKit in Frameworks */ = {isa = PBXBuildFile; productRef = F539CE562AA3570000310F37 /* SnapKit */; };
		F539CE5D2AA3574500310F37 /* PhotosListViewModel.swift in Sources */ = {isa = PBXBuildFile; fileRef = F539CE5C2AA3574500310F37 /* PhotosListViewModel.swift */; };
		F539CE5F2AA3574D00310F37 /* PhotosListModel.swift in Sources */ = {isa = PBXBuildFile; fileRef = F539CE5E2AA3574D00310F37 /* PhotosListModel.swift */; };
		F539CE622AA35AD600310F37 /* PhotosListDataSource.swift in Sources */ = {isa = PBXBuildFile; fileRef = F539CE612AA35AD600310F37 /* PhotosListDataSource.swift */; };
		F539CE652AA35AF200310F37 /* PhotoModel.swift in Sources */ = {isa = PBXBuildFile; fileRef = F539CE642AA35AF200310F37 /* PhotoModel.swift */; };
		F539CE672AA3633B00310F37 /* PhotoCell.swift in Sources */ = {isa = PBXBuildFile; fileRef = F539CE662AA3633B00310F37 /* PhotoCell.swift */; };
		F539CE6A2AA399F300310F37 /* UIView + Subviews.swift in Sources */ = {isa = PBXBuildFile; fileRef = F539CE692AA399F300310F37 /* UIView + Subviews.swift */; };
		F539CE6C2AA39D9800310F37 /* UIImageView+SDWebImage.swift in Sources */ = {isa = PBXBuildFile; fileRef = F539CE6B2AA39D9800310F37 /* UIImageView+SDWebImage.swift */; };
		F539CE6F2AA39DAD00310F37 /* SDWebImage in Frameworks */ = {isa = PBXBuildFile; productRef = F539CE6E2AA39DAD00310F37 /* SDWebImage */; };
		F539CE712AA39DAE00310F37 /* SDWebImageMapKit in Frameworks */ = {isa = PBXBuildFile; productRef = F539CE702AA39DAE00310F37 /* SDWebImageMapKit */; };
		F539CE732AA3A3F500310F37 /* Factory+Register.swift in Sources */ = {isa = PBXBuildFile; fileRef = F539CE722AA3A3F500310F37 /* Factory+Register.swift */; };
		F539CE772AA3A43B00310F37 /* NetworkService.swift in Sources */ = {isa = PBXBuildFile; fileRef = F539CE762AA3A43B00310F37 /* NetworkService.swift */; };
		F539CE7A2AA3AB5600310F37 /* Factory in Frameworks */ = {isa = PBXBuildFile; productRef = F539CE792AA3AB5600310F37 /* Factory */; };
		F539CE7D2AA3B25500310F37 /* PhotosViewController.swift in Sources */ = {isa = PBXBuildFile; fileRef = F539CE7C2AA3B25500310F37 /* PhotosViewController.swift */; };
/* End PBXBuildFile section */

/* Begin PBXFileReference section */
		F539CE3E2AA33CE000310F37 /* PhotoTestApp.app */ = {isa = PBXFileReference; explicitFileType = wrapper.application; includeInIndex = 0; path = PhotoTestApp.app; sourceTree = BUILT_PRODUCTS_DIR; };
		F539CE412AA33CE000310F37 /* AppDelegate.swift */ = {isa = PBXFileReference; lastKnownFileType = sourcecode.swift; path = AppDelegate.swift; sourceTree = "<group>"; };
		F539CE432AA33CE000310F37 /* SceneDelegate.swift */ = {isa = PBXFileReference; lastKnownFileType = sourcecode.swift; path = SceneDelegate.swift; sourceTree = "<group>"; };
		F539CE452AA33CE000310F37 /* PhotosListViewController.swift */ = {isa = PBXFileReference; lastKnownFileType = sourcecode.swift; path = PhotosListViewController.swift; sourceTree = "<group>"; };
		F539CE4A2AA33CE200310F37 /* Assets.xcassets */ = {isa = PBXFileReference; lastKnownFileType = folder.assetcatalog; path = Assets.xcassets; sourceTree = "<group>"; };
		F539CE4D2AA33CE200310F37 /* Base */ = {isa = PBXFileReference; lastKnownFileType = file.storyboard; name = Base; path = Base.lproj/LaunchScreen.storyboard; sourceTree = "<group>"; };
		F539CE4F2AA33CE200310F37 /* Info.plist */ = {isa = PBXFileReference; lastKnownFileType = text.plist.xml; path = Info.plist; sourceTree = "<group>"; };
		F539CE5C2AA3574500310F37 /* PhotosListViewModel.swift */ = {isa = PBXFileReference; lastKnownFileType = sourcecode.swift; path = PhotosListViewModel.swift; sourceTree = "<group>"; };
		F539CE5E2AA3574D00310F37 /* PhotosListModel.swift */ = {isa = PBXFileReference; lastKnownFileType = sourcecode.swift; path = PhotosListModel.swift; sourceTree = "<group>"; };
		F539CE612AA35AD600310F37 /* PhotosListDataSource.swift */ = {isa = PBXFileReference; lastKnownFileType = sourcecode.swift; path = PhotosListDataSource.swift; sourceTree = "<group>"; };
		F539CE642AA35AF200310F37 /* PhotoModel.swift */ = {isa = PBXFileReference; lastKnownFileType = sourcecode.swift; path = PhotoModel.swift; sourceTree = "<group>"; };
		F539CE662AA3633B00310F37 /* PhotoCell.swift */ = {isa = PBXFileReference; lastKnownFileType = sourcecode.swift; path = PhotoCell.swift; sourceTree = "<group>"; };
		F539CE692AA399F300310F37 /* UIView + Subviews.swift */ = {isa = PBXFileReference; lastKnownFileType = sourcecode.swift; path = "UIView + Subviews.swift"; sourceTree = "<group>"; };
		F539CE6B2AA39D9800310F37 /* UIImageView+SDWebImage.swift */ = {isa = PBXFileReference; lastKnownFileType = sourcecode.swift; path = "UIImageView+SDWebImage.swift"; sourceTree = "<group>"; };
		F539CE722AA3A3F500310F37 /* Factory+Register.swift */ = {isa = PBXFileReference; lastKnownFileType = sourcecode.swift; path = "Factory+Register.swift"; sourceTree = "<group>"; };
		F539CE762AA3A43B00310F37 /* NetworkService.swift */ = {isa = PBXFileReference; lastKnownFileType = sourcecode.swift; path = NetworkService.swift; sourceTree = "<group>"; };
		F539CE7C2AA3B25500310F37 /* PhotosViewController.swift */ = {isa = PBXFileReference; lastKnownFileType = sourcecode.swift; path = PhotosViewController.swift; sourceTree = "<group>"; };
/* End PBXFileReference section */

/* Begin PBXFrameworksBuildPhase section */
		F539CE3B2AA33CE000310F37 /* Frameworks */ = {
			isa = PBXFrameworksBuildPhase;
			buildActionMask = 2147483647;
			files = (
				F539CE6F2AA39DAD00310F37 /* SDWebImage in Frameworks */,
				F539CE572AA3570000310F37 /* SnapKit in Frameworks */,
				F539CE712AA39DAE00310F37 /* SDWebImageMapKit in Frameworks */,
				F539CE7A2AA3AB5600310F37 /* Factory in Frameworks */,
			);
			runOnlyForDeploymentPostprocessing = 0;
		};
/* End PBXFrameworksBuildPhase section */

/* Begin PBXGroup section */
		F539CE352AA33CE000310F37 = {
			isa = PBXGroup;
			children = (
				F539CE402AA33CE000310F37 /* PhotoTestApp */,
				F539CE3F2AA33CE000310F37 /* Products */,
			);
			sourceTree = "<group>";
		};
		F539CE3F2AA33CE000310F37 /* Products */ = {
			isa = PBXGroup;
			children = (
				F539CE3E2AA33CE000310F37 /* PhotoTestApp.app */,
			);
			name = Products;
			sourceTree = "<group>";
		};
		F539CE402AA33CE000310F37 /* PhotoTestApp */ = {
			isa = PBXGroup;
			children = (
				F539CE412AA33CE000310F37 /* AppDelegate.swift */,
				F539CE432AA33CE000310F37 /* SceneDelegate.swift */,
				F539CE5A2AA3572A00310F37 /* Modules */,
				F539CE682AA399E500310F37 /* Extensions */,
				F539CE742AA3A3FD00310F37 /* Services */,
				F539CE4A2AA33CE200310F37 /* Assets.xcassets */,
				F539CE4C2AA33CE200310F37 /* LaunchScreen.storyboard */,
				F539CE4F2AA33CE200310F37 /* Info.plist */,
			);
			path = PhotoTestApp;
			sourceTree = "<group>";
		};
		F539CE5A2AA3572A00310F37 /* Modules */ = {
			isa = PBXGroup;
			children = (
				F539CE7B2AA3B21F00310F37 /* Photo */,
				F539CE5B2AA3573600310F37 /* PhotosList */,
			);
			path = Modules;
			sourceTree = "<group>";
		};
		F539CE5B2AA3573600310F37 /* PhotosList */ = {
			isa = PBXGroup;
			children = (
				F539CE632AA35AEE00310F37 /* Models */,
				F539CE602AA3577A00310F37 /* Cells */,
				F539CE452AA33CE000310F37 /* PhotosListViewController.swift */,
				F539CE612AA35AD600310F37 /* PhotosListDataSource.swift */,
				F539CE5C2AA3574500310F37 /* PhotosListViewModel.swift */,
				F539CE5E2AA3574D00310F37 /* PhotosListModel.swift */,
			);
			path = PhotosList;
			sourceTree = "<group>";
		};
		F539CE602AA3577A00310F37 /* Cells */ = {
			isa = PBXGroup;
			children = (
				F539CE662AA3633B00310F37 /* PhotoCell.swift */,
			);
			path = Cells;
			sourceTree = "<group>";
		};
		F539CE632AA35AEE00310F37 /* Models */ = {
			isa = PBXGroup;
			children = (
				F539CE642AA35AF200310F37 /* PhotoModel.swift */,
			);
			path = Models;
			sourceTree = "<group>";
		};
		F539CE682AA399E500310F37 /* Extensions */ = {
			isa = PBXGroup;
			children = (
				F539CE692AA399F300310F37 /* UIView + Subviews.swift */,
				F539CE6B2AA39D9800310F37 /* UIImageView+SDWebImage.swift */,
			);
			path = Extensions;
			sourceTree = "<group>";
		};
		F539CE742AA3A3FD00310F37 /* Services */ = {
			isa = PBXGroup;
			children = (
				F539CE752AA3A40500310F37 /* DI */,
				F539CE762AA3A43B00310F37 /* NetworkService.swift */,
			);
			path = Services;
			sourceTree = "<group>";
		};
		F539CE752AA3A40500310F37 /* DI */ = {
			isa = PBXGroup;
			children = (
				F539CE722AA3A3F500310F37 /* Factory+Register.swift */,
			);
			path = DI;
			sourceTree = "<group>";
		};
		F539CE7B2AA3B21F00310F37 /* Photo */ = {
			isa = PBXGroup;
			children = (
				F539CE7C2AA3B25500310F37 /* PhotosViewController.swift */,
			);
			path = Photo;
			sourceTree = "<group>";
		};
/* End PBXGroup section */

/* Begin PBXNativeTarget section */
		F539CE3D2AA33CE000310F37 /* PhotoTestApp */ = {
			isa = PBXNativeTarget;
			buildConfigurationList = F539CE522AA33CE200310F37 /* Build configuration list for PBXNativeTarget "PhotoTestApp" */;
			buildPhases = (
				F539CE3A2AA33CE000310F37 /* Sources */,
				F539CE3B2AA33CE000310F37 /* Frameworks */,
				F539CE3C2AA33CE000310F37 /* Resources */,
			);
			buildRules = (
			);
			dependencies = (
			);
			name = PhotoTestApp;
			packageProductDependencies = (
				F539CE562AA3570000310F37 /* SnapKit */,
				F539CE6E2AA39DAD00310F37 /* SDWebImage */,
				F539CE702AA39DAE00310F37 /* SDWebImageMapKit */,
				F539CE792AA3AB5600310F37 /* Factory */,
			);
			productName = PhotoTestApp;
			productReference = F539CE3E2AA33CE000310F37 /* PhotoTestApp.app */;
			productType = "com.apple.product-type.application";
		};
/* End PBXNativeTarget section */

/* Begin PBXProject section */
		F539CE362AA33CE000310F37 /* Project object */ = {
			isa = PBXProject;
			attributes = {
				BuildIndependentTargetsInParallel = 1;
				LastSwiftUpdateCheck = 1430;
				LastUpgradeCheck = 1430;
				TargetAttributes = {
					F539CE3D2AA33CE000310F37 = {
						CreatedOnToolsVersion = 14.3.1;
					};
				};
			};
			buildConfigurationList = F539CE392AA33CE000310F37 /* Build configuration list for PBXProject "PhotoTestApp" */;
			compatibilityVersion = "Xcode 14.0";
			developmentRegion = en;
			hasScannedForEncodings = 0;
			knownRegions = (
				en,
				Base,
			);
			mainGroup = F539CE352AA33CE000310F37;
			packageReferences = (
				F539CE552AA3570000310F37 /* XCRemoteSwiftPackageReference "SnapKit" */,
				F539CE6D2AA39DAD00310F37 /* XCRemoteSwiftPackageReference "SDWebImage" */,
				F539CE782AA3AB5600310F37 /* XCRemoteSwiftPackageReference "Factory" */,
			);
			productRefGroup = F539CE3F2AA33CE000310F37 /* Products */;
			projectDirPath = "";
			projectRoot = "";
			targets = (
				F539CE3D2AA33CE000310F37 /* PhotoTestApp */,
			);
		};
/* End PBXProject section */

/* Begin PBXResourcesBuildPhase section */
		F539CE3C2AA33CE000310F37 /* Resources */ = {
			isa = PBXResourcesBuildPhase;
			buildActionMask = 2147483647;
			files = (
				F539CE4E2AA33CE200310F37 /* LaunchScreen.storyboard in Resources */,
				F539CE4B2AA33CE200310F37 /* Assets.xcassets in Resources */,
			);
			runOnlyForDeploymentPostprocessing = 0;
		};
/* End PBXResourcesBuildPhase section */

/* Begin PBXSourcesBuildPhase section */
		F539CE3A2AA33CE000310F37 /* Sources */ = {
			isa = PBXSourcesBuildPhase;
			buildActionMask = 2147483647;
			files = (
				F539CE462AA33CE000310F37 /* PhotosListViewController.swift in Sources */,
				F539CE7D2AA3B25500310F37 /* PhotosViewController.swift in Sources */,
				F539CE622AA35AD600310F37 /* PhotosListDataSource.swift in Sources */,
				F539CE732AA3A3F500310F37 /* Factory+Register.swift in Sources */,
				F539CE5D2AA3574500310F37 /* PhotosListViewModel.swift in Sources */,
				F539CE5F2AA3574D00310F37 /* PhotosListModel.swift in Sources */,
				F539CE6C2AA39D9800310F37 /* UIImageView+SDWebImage.swift in Sources */,
				F539CE672AA3633B00310F37 /* PhotoCell.swift in Sources */,
				F539CE652AA35AF200310F37 /* PhotoModel.swift in Sources */,
				F539CE422AA33CE000310F37 /* AppDelegate.swift in Sources */,
				F539CE6A2AA399F300310F37 /* UIView + Subviews.swift in Sources */,
				F539CE772AA3A43B00310F37 /* NetworkService.swift in Sources */,
				F539CE442AA33CE000310F37 /* SceneDelegate.swift in Sources */,
			);
			runOnlyForDeploymentPostprocessing = 0;
		};
/* End PBXSourcesBuildPhase section */

/* Begin PBXVariantGroup section */
		F539CE4C2AA33CE200310F37 /* LaunchScreen.storyboard */ = {
			isa = PBXVariantGroup;
			children = (
				F539CE4D2AA33CE200310F37 /* Base */,
			);
			name = LaunchScreen.storyboard;
			sourceTree = "<group>";
		};
/* End PBXVariantGroup section */

/* Begin XCBuildConfiguration section */
		F539CE502AA33CE200310F37 /* Debug */ = {
			isa = XCBuildConfiguration;
			buildSettings = {
				ALWAYS_SEARCH_USER_PATHS = NO;
				CLANG_ANALYZER_NONNULL = YES;
				CLANG_ANALYZER_NUMBER_OBJECT_CONVERSION = YES_AGGRESSIVE;
				CLANG_CXX_LANGUAGE_STANDARD = "gnu++20";
				CLANG_ENABLE_MODULES = YES;
				CLANG_ENABLE_OBJC_ARC = YES;
				CLANG_ENABLE_OBJC_WEAK = YES;
				CLANG_WARN_BLOCK_CAPTURE_AUTORELEASING = YES;
				CLANG_WARN_BOOL_CONVERSION = YES;
				CLANG_WARN_COMMA = YES;
				CLANG_WARN_CONSTANT_CONVERSION = YES;
				CLANG_WARN_DEPRECATED_OBJC_IMPLEMENTATIONS = YES;
				CLANG_WARN_DIRECT_OBJC_ISA_USAGE = YES_ERROR;
				CLANG_WARN_DOCUMENTATION_COMMENTS = YES;
				CLANG_WARN_EMPTY_BODY = YES;
				CLANG_WARN_ENUM_CONVERSION = YES;
				CLANG_WARN_INFINITE_RECURSION = YES;
				CLANG_WARN_INT_CONVERSION = YES;
				CLANG_WARN_NON_LITERAL_NULL_CONVERSION = YES;
				CLANG_WARN_OBJC_IMPLICIT_RETAIN_SELF = YES;
				CLANG_WARN_OBJC_LITERAL_CONVERSION = YES;
				CLANG_WARN_OBJC_ROOT_CLASS = YES_ERROR;
				CLANG_WARN_QUOTED_INCLUDE_IN_FRAMEWORK_HEADER = YES;
				CLANG_WARN_RANGE_LOOP_ANALYSIS = YES;
				CLANG_WARN_STRICT_PROTOTYPES = YES;
				CLANG_WARN_SUSPICIOUS_MOVE = YES;
				CLANG_WARN_UNGUARDED_AVAILABILITY = YES_AGGRESSIVE;
				CLANG_WARN_UNREACHABLE_CODE = YES;
				CLANG_WARN__DUPLICATE_METHOD_MATCH = YES;
				COPY_PHASE_STRIP = NO;
				DEBUG_INFORMATION_FORMAT = dwarf;
				ENABLE_STRICT_OBJC_MSGSEND = YES;
				ENABLE_TESTABILITY = YES;
				GCC_C_LANGUAGE_STANDARD = gnu11;
				GCC_DYNAMIC_NO_PIC = NO;
				GCC_NO_COMMON_BLOCKS = YES;
				GCC_OPTIMIZATION_LEVEL = 0;
				GCC_PREPROCESSOR_DEFINITIONS = (
					"DEBUG=1",
					"$(inherited)",
				);
				GCC_WARN_64_TO_32_BIT_CONVERSION = YES;
				GCC_WARN_ABOUT_RETURN_TYPE = YES_ERROR;
				GCC_WARN_UNDECLARED_SELECTOR = YES;
				GCC_WARN_UNINITIALIZED_AUTOS = YES_AGGRESSIVE;
				GCC_WARN_UNUSED_FUNCTION = YES;
				GCC_WARN_UNUSED_VARIABLE = YES;
				IPHONEOS_DEPLOYMENT_TARGET = 16.4;
				MTL_ENABLE_DEBUG_INFO = INCLUDE_SOURCE;
				MTL_FAST_MATH = YES;
				ONLY_ACTIVE_ARCH = YES;
				SDKROOT = iphoneos;
				SWIFT_ACTIVE_COMPILATION_CONDITIONS = DEBUG;
				SWIFT_OPTIMIZATION_LEVEL = "-Onone";
			};
			name = Debug;
		};
		F539CE512AA33CE200310F37 /* Release */ = {
			isa = XCBuildConfiguration;
			buildSettings = {
				ALWAYS_SEARCH_USER_PATHS = NO;
				CLANG_ANALYZER_NONNULL = YES;
				CLANG_ANALYZER_NUMBER_OBJECT_CONVERSION = YES_AGGRESSIVE;
				CLANG_CXX_LANGUAGE_STANDARD = "gnu++20";
				CLANG_ENABLE_MODULES = YES;
				CLANG_ENABLE_OBJC_ARC = YES;
				CLANG_ENABLE_OBJC_WEAK = YES;
				CLANG_WARN_BLOCK_CAPTURE_AUTORELEASING = YES;
				CLANG_WARN_BOOL_CONVERSION = YES;
				CLANG_WARN_COMMA = YES;
				CLANG_WARN_CONSTANT_CONVERSION = YES;
				CLANG_WARN_DEPRECATED_OBJC_IMPLEMENTATIONS = YES;
				CLANG_WARN_DIRECT_OBJC_ISA_USAGE = YES_ERROR;
				CLANG_WARN_DOCUMENTATION_COMMENTS = YES;
				CLANG_WARN_EMPTY_BODY = YES;
				CLANG_WARN_ENUM_CONVERSION = YES;
				CLANG_WARN_INFINITE_RECURSION = YES;
				CLANG_WARN_INT_CONVERSION = YES;
				CLANG_WARN_NON_LITERAL_NULL_CONVERSION = YES;
				CLANG_WARN_OBJC_IMPLICIT_RETAIN_SELF = YES;
				CLANG_WARN_OBJC_LITERAL_CONVERSION = YES;
				CLANG_WARN_OBJC_ROOT_CLASS = YES_ERROR;
				CLANG_WARN_QUOTED_INCLUDE_IN_FRAMEWORK_HEADER = YES;
				CLANG_WARN_RANGE_LOOP_ANALYSIS = YES;
				CLANG_WARN_STRICT_PROTOTYPES = YES;
				CLANG_WARN_SUSPICIOUS_MOVE = YES;
				CLANG_WARN_UNGUARDED_AVAILABILITY = YES_AGGRESSIVE;
				CLANG_WARN_UNREACHABLE_CODE = YES;
				CLANG_WARN__DUPLICATE_METHOD_MATCH = YES;
				COPY_PHASE_STRIP = NO;
				DEBUG_INFORMATION_FORMAT = "dwarf-with-dsym";
				ENABLE_NS_ASSERTIONS = NO;
				ENABLE_STRICT_OBJC_MSGSEND = YES;
				GCC_C_LANGUAGE_STANDARD = gnu11;
				GCC_NO_COMMON_BLOCKS = YES;
				GCC_WARN_64_TO_32_BIT_CONVERSION = YES;
				GCC_WARN_ABOUT_RETURN_TYPE = YES_ERROR;
				GCC_WARN_UNDECLARED_SELECTOR = YES;
				GCC_WARN_UNINITIALIZED_AUTOS = YES_AGGRESSIVE;
				GCC_WARN_UNUSED_FUNCTION = YES;
				GCC_WARN_UNUSED_VARIABLE = YES;
				IPHONEOS_DEPLOYMENT_TARGET = 16.4;
				MTL_ENABLE_DEBUG_INFO = NO;
				MTL_FAST_MATH = YES;
				SDKROOT = iphoneos;
				SWIFT_COMPILATION_MODE = wholemodule;
				SWIFT_OPTIMIZATION_LEVEL = "-O";
				VALIDATE_PRODUCT = YES;
			};
			name = Release;
		};
		F539CE532AA33CE200310F37 /* Debug */ = {
			isa = XCBuildConfiguration;
			buildSettings = {
				ASSETCATALOG_COMPILER_APPICON_NAME = AppIcon;
				ASSETCATALOG_COMPILER_GLOBAL_ACCENT_COLOR_NAME = AccentColor;
				CODE_SIGN_STYLE = Manual;
				CURRENT_PROJECT_VERSION = 1;
				DEVELOPMENT_TEAM = "";
				GENERATE_INFOPLIST_FILE = YES;
				INFOPLIST_FILE = PhotoTestApp/Info.plist;
				INFOPLIST_KEY_UIApplicationSupportsIndirectInputEvents = YES;
				INFOPLIST_KEY_UILaunchStoryboardName = LaunchScreen;
				INFOPLIST_KEY_UIMainStoryboardFile = "";
				INFOPLIST_KEY_UISupportedInterfaceOrientations = UIInterfaceOrientationPortrait;
				INFOPLIST_KEY_UISupportedInterfaceOrientations_iPad = "UIInterfaceOrientationLandscapeLeft UIInterfaceOrientationLandscapeRight UIInterfaceOrientationPortrait UIInterfaceOrientationPortraitUpsideDown";
				IPHONEOS_DEPLOYMENT_TARGET = 13.0;
				LD_RUNPATH_SEARCH_PATHS = (
					"$(inherited)",
					"@executable_path/Frameworks",
				);
				MARKETING_VERSION = 1.0;
				PRODUCT_BUNDLE_IDENTIFIER = com.testApp.PhotoTestApp;
				PRODUCT_NAME = "$(TARGET_NAME)";
				PROVISIONING_PROFILE_SPECIFIER = "";
				SUPPORTED_PLATFORMS = "iphoneos iphonesimulator";
				SUPPORTS_MACCATALYST = NO;
				SUPPORTS_MAC_DESIGNED_FOR_IPHONE_IPAD = NO;
				SWIFT_EMIT_LOC_STRINGS = YES;
				SWIFT_VERSION = 5.0;
				TARGETED_DEVICE_FAMILY = 1;
			};
			name = Debug;
		};
		F539CE542AA33CE200310F37 /* Release */ = {
			isa = XCBuildConfiguration;
			buildSettings = {
				ASSETCATALOG_COMPILER_APPICON_NAME = AppIcon;
				ASSETCATALOG_COMPILER_GLOBAL_ACCENT_COLOR_NAME = AccentColor;
				CODE_SIGN_STYLE = Manual;
				CURRENT_PROJECT_VERSION = 1;
				DEVELOPMENT_TEAM = "";
				GENERATE_INFOPLIST_FILE = YES;
				INFOPLIST_FILE = PhotoTestApp/Info.plist;
				INFOPLIST_KEY_UIApplicationSupportsIndirectInputEvents = YES;
				INFOPLIST_KEY_UILaunchStoryboardName = LaunchScreen;
				INFOPLIST_KEY_UIMainStoryboardFile = "";
				INFOPLIST_KEY_UISupportedInterfaceOrientations = UIInterfaceOrientationPortrait;
				INFOPLIST_KEY_UISupportedInterfaceOrientations_iPad = "UIInterfaceOrientationLandscapeLeft UIInterfaceOrientationLandscapeRight UIInterfaceOrientationPortrait UIInterfaceOrientationPortraitUpsideDown";
				IPHONEOS_DEPLOYMENT_TARGET = 13.0;
				LD_RUNPATH_SEARCH_PATHS = (
					"$(inherited)",
					"@executable_path/Frameworks",
				);
				MARKETING_VERSION = 1.0;
				PRODUCT_BUNDLE_IDENTIFIER = com.testApp.PhotoTestApp;
				PRODUCT_NAME = "$(TARGET_NAME)";
				PROVISIONING_PROFILE_SPECIFIER = "";
				SUPPORTED_PLATFORMS = "iphoneos iphonesimulator";
				SUPPORTS_MACCATALYST = NO;
				SUPPORTS_MAC_DESIGNED_FOR_IPHONE_IPAD = NO;
				SWIFT_EMIT_LOC_STRINGS = YES;
				SWIFT_VERSION = 5.0;
				TARGETED_DEVICE_FAMILY = 1;
			};
			name = Release;
		};
/* End XCBuildConfiguration section */

/* Begin XCConfigurationList section */
		F539CE392AA33CE000310F37 /* Build configuration list for PBXProject "PhotoTestApp" */ = {
			isa = XCConfigurationList;
			buildConfigurations = (
				F539CE502AA33CE200310F37 /* Debug */,
				F539CE512AA33CE200310F37 /* Release */,
			);
			defaultConfigurationIsVisible = 0;
			defaultConfigurationName = Release;
		};
		F539CE522AA33CE200310F37 /* Build configuration list for PBXNativeTarget "PhotoTestApp" */ = {
			isa = XCConfigurationList;
			buildConfigurations = (
				F539CE532AA33CE200310F37 /* Debug */,
				F539CE542AA33CE200310F37 /* Release */,
			);
			defaultConfigurationIsVisible = 0;
			defaultConfigurationName = Release;
		};
/* End XCConfigurationList section */

/* Begin XCRemoteSwiftPackageReference section */
		F539CE552AA3570000310F37 /* XCRemoteSwiftPackageReference "SnapKit" */ = {
			isa = XCRemoteSwiftPackageReference;
			repositoryURL = "https://github.com/SnapKit/SnapKit.git";
			requirement = {
				kind = upToNextMajorVersion;
				minimumVersion = 5.0.0;
			};
		};
		F539CE6D2AA39DAD00310F37 /* XCRemoteSwiftPackageReference "SDWebImage" */ = {
			isa = XCRemoteSwiftPackageReference;
			repositoryURL = "https://github.com/SDWebImage/SDWebImage.git";
			requirement = {
				kind = upToNextMajorVersion;
				minimumVersion = 5.0.0;
			};
		};
		F539CE782AA3AB5600310F37 /* XCRemoteSwiftPackageReference "Factory" */ = {
			isa = XCRemoteSwiftPackageReference;
			repositoryURL = "https://github.com/hmlongco/Factory.git";
			requirement = {
				kind = upToNextMajorVersion;
				minimumVersion = 2.0.0;
			};
		};
/* End XCRemoteSwiftPackageReference section */

/* Begin XCSwiftPackageProductDependency section */
		F539CE562AA3570000310F37 /* SnapKit */ = {
			isa = XCSwiftPackageProductDependency;
			package = F539CE552AA3570000310F37 /* XCRemoteSwiftPackageReference "SnapKit" */;
			productName = SnapKit;
		};
		F539CE6E2AA39DAD00310F37 /* SDWebImage */ = {
			isa = XCSwiftPackageProductDependency;
			package = F539CE6D2AA39DAD00310F37 /* XCRemoteSwiftPackageReference "SDWebImage" */;
			productName = SDWebImage;
		};
		F539CE702AA39DAE00310F37 /* SDWebImageMapKit */ = {
			isa = XCSwiftPackageProductDependency;
			package = F539CE6D2AA39DAD00310F37 /* XCRemoteSwiftPackageReference "SDWebImage" */;
			productName = SDWebImageMapKit;
		};
		F539CE792AA3AB5600310F37 /* Factory */ = {
			isa = XCSwiftPackageProductDependency;
			package = F539CE782AA3AB5600310F37 /* XCRemoteSwiftPackageReference "Factory" */;
			productName = Factory;
		};
/* End XCSwiftPackageProductDependency section */
	};
	rootObject = F539CE362AA33CE000310F37 /* Project object */;
}
